
Microsoft Visual Studio Solution File, Format Version 12.00
# Visual Studio Version 17
VisualStudioVersion = 17.3.32922.545
MinimumVisualStudioVersion = 10.0.40219.1
Project("{F2A71F9B-5D33-465A-A702-920D77279786}") = "LeaveManagment.Web", "LeaveManagment.Web\LeaveManagment.Web.fsproj", "{7C9E273D-EC38-4E5B-AD32-341FDAA3856B}"
EndProject
Global
	GlobalSection(SolutionConfigurationPlatforms) = preSolution
		Debug|Any CPU = Debug|Any CPU
		Release|Any CPU = Release|Any CPU
	EndGlobalSection
	GlobalSection(ProjectConfigurationPlatforms) = postSolution
		{7C9E273D-EC38-4E5B-AD32-341FDAA3856B}.Debug|Any CPU.ActiveCfg = Debug|Any CPU
		{7C9E273D-EC38-4E5B-AD32-341FDAA3856B}.Debug|Any CPU.Build.0 = Debug|Any CPU
		{7C9E273D-EC38-4E5B-AD32-341FDAA3856B}.Release|Any CPU.ActiveCfg = Release|Any CPU
		{7C9E273D-EC38-4E5B-AD32-341FDAA3856B}.Release|Any CPU.Build.0 = Release|Any CPU
	EndGlobalSection
	GlobalSection(SolutionProperties) = preSolution
		HideSolutionNode = FALSE
	EndGlobalSection
	GlobalSection(ExtensibilityGlobals) = postSolution
		SolutionGuid = {086ACE6E-47D6-426D-B51F-9EDC71B2B3FE}
	EndGlobalSection
EndGlobal
